
Microsoft Visual Studio Solution File, Format Version 12.00
# Visual Studio Version 17
VisualStudioVersion = 17.7.34009.444
MinimumVisualStudioVersion = 10.0.40219.1
Project("{FAE04EC0-301F-11D3-BF4B-00C04F79EFBC}") = "Loteria", "Loteria\Loteria.csproj", "{D34D0B54-6B00-4E68-BD13-8860B95D3343}"
EndProject
Global
	GlobalSection(SolutionConfigurationPlatforms) = preSolution
		Debug|Any CPU = Debug|Any CPU
		Release|Any CPU = Release|Any CPU
	EndGlobalSection
	GlobalSection(ProjectConfigurationPlatforms) = postSolution
		{D34D0B54-6B00-4E68-BD13-8860B95D3343}.Debug|Any CPU.ActiveCfg = Debug|Any CPU
		{D34D0B54-6B00-4E68-BD13-8860B95D3343}.Debug|Any CPU.Build.0 = Debug|Any CPU
		{D34D0B54-6B00-4E68-BD13-8860B95D3343}.Release|Any CPU.ActiveCfg = Release|Any CPU
		{D34D0B54-6B00-4E68-BD13-8860B95D3343}.Release|Any CPU.Build.0 = Release|Any CPU
	EndGlobalSection
	GlobalSection(SolutionProperties) = preSolution
		HideSolutionNode = FALSE
	EndGlobalSection
	GlobalSection(ExtensibilityGlobals) = postSolution
		SolutionGuid = {0C7E0A37-B0AE-463C-AFF0-626868F0C566}
	EndGlobalSection
EndGlobal
